
Microsoft Visual Studio Solution File, Format Version 12.00
# Visual Studio Version 17
VisualStudioVersion = 17.8.34330.188
MinimumVisualStudioVersion = 10.0.40219.1
Project("{FAE04EC0-301F-11D3-BF4B-00C04F79EFBC}") = "CogentInnovation", "CogentInnovation\CogentInnovation.csproj", "{58D32AB7-DD4C-47DF-AA33-A83368B990B9}"
EndProject
Global
	GlobalSection(SolutionConfigurationPlatforms) = preSolution
		Debug|Any CPU = Debug|Any CPU
		Release|Any CPU = Release|Any CPU
	EndGlobalSection
	GlobalSection(ProjectConfigurationPlatforms) = postSolution
		{58D32AB7-DD4C-47DF-AA33-A83368B990B9}.Debug|Any CPU.ActiveCfg = Debug|Any CPU
		{58D32AB7-DD4C-47DF-AA33-A83368B990B9}.Debug|Any CPU.Build.0 = Debug|Any CPU
		{58D32AB7-DD4C-47DF-AA33-A83368B990B9}.Release|Any CPU.ActiveCfg = Release|Any CPU
		{58D32AB7-DD4C-47DF-AA33-A83368B990B9}.Release|Any CPU.Build.0 = Release|Any CPU
	EndGlobalSection
	GlobalSection(SolutionProperties) = preSolution
		HideSolutionNode = FALSE
	EndGlobalSection
	GlobalSection(ExtensibilityGlobals) = postSolution
		SolutionGuid = {A173A8C1-FEDA-460A-9C8B-384DF33003B5}
	EndGlobalSection
EndGlobal
